
Microsoft Visual Studio Solution File, Format Version 12.00
# Visual Studio Version 16
VisualStudioVersion = 16.0.32602.291
MinimumVisualStudioVersion = 10.0.40219.1
Project("{FAE04EC0-301F-11D3-BF4B-00C04F79EFBC}") = "WpfApp2", "WpfApp2\WpfApp2.csproj", "{3648B3C6-965B-48C3-9CFD-D3701ACFAFFC}"
EndProject
Global
	GlobalSection(SolutionConfigurationPlatforms) = preSolution
		Debug|Any CPU = Debug|Any CPU
		Release|Any CPU = Release|Any CPU
	EndGlobalSection
	GlobalSection(ProjectConfigurationPlatforms) = postSolution
		{3648B3C6-965B-48C3-9CFD-D3701ACFAFFC}.Debug|Any CPU.ActiveCfg = Debug|Any CPU
		{3648B3C6-965B-48C3-9CFD-D3701ACFAFFC}.Debug|Any CPU.Build.0 = Debug|Any CPU
		{3648B3C6-965B-48C3-9CFD-D3701ACFAFFC}.Release|Any CPU.ActiveCfg = Release|Any CPU
		{3648B3C6-965B-48C3-9CFD-D3701ACFAFFC}.Release|Any CPU.Build.0 = Release|Any CPU
	EndGlobalSection
	GlobalSection(SolutionProperties) = preSolution
		HideSolutionNode = FALSE
	EndGlobalSection
	GlobalSection(ExtensibilityGlobals) = postSolution
		SolutionGuid = {81A22ABE-7B33-4BA2-86A7-49E68C278059}
	EndGlobalSection
EndGlobal
